
Microsoft Visual Studio Solution File, Format Version 12.00
# Visual Studio Version 16
VisualStudioVersion = 16.0.31410.357
MinimumVisualStudioVersion = 10.0.40219.1
Project("{FAE04EC0-301F-11D3-BF4B-00C04F79EFBC}") = "UD9E3", "UD9E3\UD9E3.csproj", "{1FED5DED-009B-4F05-AFB4-94F295101246}"
EndProject
Global
	GlobalSection(SolutionConfigurationPlatforms) = preSolution
		Debug|Any CPU = Debug|Any CPU
		Release|Any CPU = Release|Any CPU
	EndGlobalSection
	GlobalSection(ProjectConfigurationPlatforms) = postSolution
		{1FED5DED-009B-4F05-AFB4-94F295101246}.Debug|Any CPU.ActiveCfg = Debug|Any CPU
		{1FED5DED-009B-4F05-AFB4-94F295101246}.Debug|Any CPU.Build.0 = Debug|Any CPU
		{1FED5DED-009B-4F05-AFB4-94F295101246}.Release|Any CPU.ActiveCfg = Release|Any CPU
		{1FED5DED-009B-4F05-AFB4-94F295101246}.Release|Any CPU.Build.0 = Release|Any CPU
	EndGlobalSection
	GlobalSection(SolutionProperties) = preSolution
		HideSolutionNode = FALSE
	EndGlobalSection
	GlobalSection(ExtensibilityGlobals) = postSolution
		SolutionGuid = {579EC098-C7D0-4F73-BD8B-4FFE3442E4C1}
	EndGlobalSection
EndGlobal
